{
  "name": "open-service-node-sdk",
  "version": "1.0.0",
  "lockfileVersion": 1,
  "dependencies": {
    "eslint-config-google": {
      "version": "0.8.0",
      "resolved": "http://registry.npm.taobao.org/eslint-config-google/download/eslint-config-google-0.8.0.tgz",
      "integrity": "sha1-KIUywreDTSXe9j1R+l4Y5rmsOk0=",
      "dev": true
    }
  }
}
